Microsoft Visual Studio Solution File, Format Version 11.00
# Visual Studio 2008

Project("{B4D1326A-45B1-9592-1812-4D6A031B9B7D}") = "PuppyPaintingPlunderer", "Assembly-CSharp-firstpass.csproj", "{F42CA525-1D6F-F0AE-D179-0AE77CB0AF7D}"
EndProject
Project("{B4D1326A-45B1-9592-1812-4D6A031B9B7D}") = "PuppyPaintingPlunderer", "Assembly-CSharp.csproj", "{DC70C23F-1925-792C-BF7D-EBD7C0330F2A}"
EndProject
Project("{B4D1326A-45B1-9592-1812-4D6A031B9B7D}") = "PuppyPaintingPlunderer", "Assembly-CSharp-Editor.csproj", "{440523F8-60C2-E893-A114-49300A50B900}"
EndProject
Global
	GlobalSection(SolutionConfigurationPlatforms) = preSolution
		Debug|Any CPU = Debug|Any CPU
		Release|Any CPU = Release|Any CPU
	EndGlobalSection
	GlobalSection(ProjectConfigurationPlatforms) = postSolution
		{F42CA525-1D6F-F0AE-D179-0AE77CB0AF7D}.Debug|Any CPU.ActiveCfg = Debug|Any CPU
		{F42CA525-1D6F-F0AE-D179-0AE77CB0AF7D}.Debug|Any CPU.Build.0 = Debug|Any CPU
		{F42CA525-1D6F-F0AE-D179-0AE77CB0AF7D}.Release|Any CPU.ActiveCfg = Release|Any CPU
		{F42CA525-1D6F-F0AE-D179-0AE77CB0AF7D}.Release|Any CPU.Build.0 = Release|Any CPU
		{DC70C23F-1925-792C-BF7D-EBD7C0330F2A}.Debug|Any CPU.ActiveCfg = Debug|Any CPU
		{DC70C23F-1925-792C-BF7D-EBD7C0330F2A}.Debug|Any CPU.Build.0 = Debug|Any CPU
		{DC70C23F-1925-792C-BF7D-EBD7C0330F2A}.Release|Any CPU.ActiveCfg = Release|Any CPU
		{DC70C23F-1925-792C-BF7D-EBD7C0330F2A}.Release|Any CPU.Build.0 = Release|Any CPU
		{440523F8-60C2-E893-A114-49300A50B900}.Debug|Any CPU.ActiveCfg = Debug|Any CPU
		{440523F8-60C2-E893-A114-49300A50B900}.Debug|Any CPU.Build.0 = Debug|Any CPU
		{440523F8-60C2-E893-A114-49300A50B900}.Release|Any CPU.ActiveCfg = Release|Any CPU
		{440523F8-60C2-E893-A114-49300A50B900}.Release|Any CPU.Build.0 = Release|Any CPU
	EndGlobalSection
	GlobalSection(SolutionProperties) = preSolution
		HideSolutionNode = FALSE
	EndGlobalSection
	GlobalSection(MonoDevelopProperties) = preSolution
		StartupItem = Assembly-CSharp.csproj
	EndGlobalSection
EndGlobal
